# THIS IS AN AUTOGENERATED FILE. DO NOT EDIT THIS FILE DIRECTLY.
# yarn lockfile v1


"@types/vscode@^1.36.0":
  version "1.36.0"
  resolved "https://registry.yarnpkg.com/@types/vscode/-/vscode-1.36.0.tgz#ae60242e893d9eda9a0d96d51ef56f1a3fae14ed"
  integrity sha512-SbHR3Q5g/C3N+Ila3KrRf1rSZiyHxWdOZ7X3yFHXzw6HrvRLuVZrxnwEX0lTBMRpH9LkwZdqRTgXW+D075jxkg==

typescript@^3.5.2:
  version "3.5.2"
  resolved "https://registry.yarnpkg.com/typescript/-/typescript-3.5.2.tgz#a09e1dc69bc9551cadf17dba10ee42cf55e5d56c"
  integrity sha512-7KxJovlYhTX5RaRbUdkAXN1KUZ8PwWlTzQdHV6xNqvuFOs7+WBo10TQUqT19Q/Jz2hk5v9TQDIhyLhhJY4p5AA==
